// !$*UTF8*$!
{
	archiveVersion = 1;
	classes = {
	};
	objectVersion = 46;
	objects = {

/* Begin PBXBuildFile section */
		4BB7974F18F4903400E5421B /* Foundation.framework in Frameworks */ = {isa = PBXBuildFile; fileRef = 4BB7974E18F4903400E5421B /* Foundation.framework */; };
		4BB7975118F4903400E5421B /* CoreGraphics.framework in Frameworks */ = {isa = PBXBuildFile; fileRef = 4BB7975018F4903400E5421B /* CoreGraphics.framework */; };
		4BB7975318F4903400E5421B /* UIKit.framework in Frameworks */ = {isa = PBXBuildFile; fileRef = 4BB7975218F4903400E5421B /* UIKit.framework */; };
		4BB7976818F4903400E5421B /* XCTest.framework in Frameworks */ = {isa = PBXBuildFile; fileRef = 4BB7976718F4903400E5421B /* XCTest.framework */; };
		4BB7976918F4903400E5421B /* Foundation.framework in Frameworks */ = {isa = PBXBuildFile; fileRef = 4BB7974E18F4903400E5421B /* Foundation.framework */; };
		4BB7976A18F4903400E5421B /* UIKit.framework in Frameworks */ = {isa = PBXBuildFile; fileRef = 4BB7975218F4903400E5421B /* UIKit.framework */; };
		4BB7977218F4903400E5421B /* InfoPlist.strings in Resources */ = {isa = PBXBuildFile; fileRef = 4BB7977018F4903400E5421B /* InfoPlist.strings */; };
		4BB7977418F4903400E5421B /* NSDate_HelpersTests.m in Sources */ = {isa = PBXBuildFile; fileRef = 4BB7977318F4903400E5421B /* NSDate_HelpersTests.m */; };
		4BB7979818F4914B00E5421B /* AppDelegate.m in Sources */ = {isa = PBXBuildFile; fileRef = 4BB7977F18F4914B00E5421B /* AppDelegate.m */; };
		4BB7979918F4914B00E5421B /* main.m in Sources */ = {isa = PBXBuildFile; fileRef = 4BB7978018F4914B00E5421B /* main.m */; };
		4BB7979B18F4914B00E5421B /* Images.xcassets in Resources */ = {isa = PBXBuildFile; fileRef = 4BB7978B18F4914B00E5421B /* Images.xcassets */; };
		4BB7979C18F4914B00E5421B /* InfoPlist.strings in Resources */ = {isa = PBXBuildFile; fileRef = 4BB7979118F4914B00E5421B /* InfoPlist.strings */; };
		4BB797A018F492B500E5421B /* NSDate+Helpers.m in Sources */ = {isa = PBXBuildFile; fileRef = 4BB7979F18F492B500E5421B /* NSDate+Helpers.m */; };
		4BB797A318F4936100E5421B /* NSDateHelpersUsingViewController.m in Sources */ = {isa = PBXBuildFile; fileRef = 4BB797A218F4936100E5421B /* NSDateHelpersUsingViewController.m */; };
/* End PBXBuildFile section */

/* Begin PBXContainerItemProxy section */
		4BB7976B18F4903400E5421B /* PBXContainerItemProxy */ = {
			isa = PBXContainerItemProxy;
			containerPortal = 4BB7974318F4903400E5421B /* Project object */;
			proxyType = 1;
			remoteGlobalIDString = 4BB7974A18F4903400E5421B;
			remoteInfo = "NSDate-Helpers";
		};
/* End PBXContainerItemProxy section */

/* Begin PBXFileReference section */
		4BB7974B18F4903400E5421B /* NSDate-Helpers.app */ = {isa = PBXFileReference; explicitFileType = wrapper.application; includeInIndex = 0; path = "NSDate-Helpers.app"; sourceTree = BUILT_PRODUCTS_DIR; };
		4BB7974E18F4903400E5421B /* Foundation.framework */ = {isa = PBXFileReference; lastKnownFileType = wrapper.framework; name = Foundation.framework; path = System/Library/Frameworks/Foundation.framework; sourceTree = SDKROOT; };
		4BB7975018F4903400E5421B /* CoreGraphics.framework */ = {isa = PBXFileReference; lastKnownFileType = wrapper.framework; name = CoreGraphics.framework; path = System/Library/Frameworks/CoreGraphics.framework; sourceTree = SDKROOT; };
		4BB7975218F4903400E5421B /* UIKit.framework */ = {isa = PBXFileReference; lastKnownFileType = wrapper.framework; name = UIKit.framework; path = System/Library/Frameworks/UIKit.framework; sourceTree = SDKROOT; };
		4BB7976618F4903400E5421B /* NSDate-HelpersTests.xctest */ = {isa = PBXFileReference; explicitFileType = wrapper.cfbundle; includeInIndex = 0; path = "NSDate-HelpersTests.xctest"; sourceTree = BUILT_PRODUCTS_DIR; };
		4BB7976718F4903400E5421B /* XCTest.framework */ = {isa = PBXFileReference; lastKnownFileType = wrapper.framework; name = XCTest.framework; path = Library/Frameworks/XCTest.framework; sourceTree = DEVELOPER_DIR; };
		4BB7976F18F4903400E5421B /* NSDate-HelpersTests-Info.plist */ = {isa = PBXFileReference; lastKnownFileType = text.plist.xml; path = "NSDate-HelpersTests-Info.plist"; sourceTree = "<group>"; };
		4BB7977118F4903400E5421B /* en */ = {isa = PBXFileReference; lastKnownFileType = text.plist.strings; name = en; path = en.lproj/InfoPlist.strings; sourceTree = "<group>"; };
		4BB7977318F4903400E5421B /* NSDate_HelpersTests.m */ = {isa = PBXFileReference; lastKnownFileType = sourcecode.c.objc; path = NSDate_HelpersTests.m; sourceTree = "<group>"; };
		4BB7977E18F4914B00E5421B /* AppDelegate.h */ = {isa = PBXFileReference; fileEncoding = 4; lastKnownFileType = sourcecode.c.h; path = AppDelegate.h; sourceTree = "<group>"; };
		4BB7977F18F4914B00E5421B /* AppDelegate.m */ = {isa = PBXFileReference; fileEncoding = 4; lastKnownFileType = sourcecode.c.objc; path = AppDelegate.m; sourceTree = "<group>"; };
		4BB7978018F4914B00E5421B /* main.m */ = {isa = PBXFileReference; fileEncoding = 4; lastKnownFileType = sourcecode.c.objc; path = main.m; sourceTree = "<group>"; };
		4BB7978118F4914B00E5421B /* NSDate-Helpers-Info.plist */ = {isa = PBXFileReference; fileEncoding = 4; lastKnownFileType = text.plist.xml; path = "NSDate-Helpers-Info.plist"; sourceTree = "<group>"; };
		4BB7978218F4914B00E5421B /* NSDate-Helpers-Prefix.pch */ = {isa = PBXFileReference; fileEncoding = 4; lastKnownFileType = sourcecode.c.h; path = "NSDate-Helpers-Prefix.pch"; sourceTree = "<group>"; };
		4BB7978B18F4914B00E5421B /* Images.xcassets */ = {isa = PBXFileReference; lastKnownFileType = folder.assetcatalog; path = Images.xcassets; sourceTree = "<group>"; };
		4BB7979218F4914B00E5421B /* en */ = {isa = PBXFileReference; lastKnownFileType = text.plist.strings; name = en; path = en.lproj/InfoPlist.strings; sourceTree = "<group>"; };
		4BB7979E18F492B500E5421B /* NSDate+Helpers.h */ = {isa = PBXFileReference; fileEncoding = 4; lastKnownFileType = sourcecode.c.h; path = "NSDate+Helpers.h"; sourceTree = "<group>"; };
		4BB7979F18F492B500E5421B /* NSDate+Helpers.m */ = {isa = PBXFileReference; fileEncoding = 4; lastKnownFileType = sourcecode.c.objc; path = "NSDate+Helpers.m"; sourceTree = "<group>"; };
		4BB797A118F4936100E5421B /* NSDateHelpersUsingViewController.h */ = {isa = PBXFileReference; fileEncoding = 4; lastKnownFileType = sourcecode.c.h; path = NSDateHelpersUsingViewController.h; sourceTree = "<group>"; };
		4BB797A218F4936100E5421B /* NSDateHelpersUsingViewController.m */ = {isa = PBXFileReference; fileEncoding = 4; lastKnownFileType = sourcecode.c.objc; path = NSDateHelpersUsingViewController.m; sourceTree = "<group>"; };
/* End PBXFileReference section */

/* Begin PBXFrameworksBuildPhase section */
		4BB7974818F4903400E5421B /* Frameworks */ = {
			isa = PBXFrameworksBuildPhase;
			buildActionMask = 2147483647;
			files = (
				4BB7975118F4903400E5421B /* CoreGraphics.framework in Frameworks */,
				4BB7975318F4903400E5421B /* UIKit.framework in Frameworks */,
				4BB7974F18F4903400E5421B /* Foundation.framework in Frameworks */,
			);
			runOnlyForDeploymentPostprocessing = 0;
		};
		4BB7976318F4903400E5421B /* Frameworks */ = {
			isa = PBXFrameworksBuildPhase;
			buildActionMask = 2147483647;
			files = (
				4BB7976818F4903400E5421B /* XCTest.framework in Frameworks */,
				4BB7976A18F4903400E5421B /* UIKit.framework in Frameworks */,
				4BB7976918F4903400E5421B /* Foundation.framework in Frameworks */,
			);
			runOnlyForDeploymentPostprocessing = 0;
		};
/* End PBXFrameworksBuildPhase section */

/* Begin PBXGroup section */
		4BB7974218F4903400E5421B = {
			isa = PBXGroup;
			children = (
				4BB7979D18F492B500E5421B /* NSDate+Helpers */,
				4BB7975418F4903400E5421B /* NSDate+HelpersUsing */,
				4BB7976D18F4903400E5421B /* NSDate+HelpersTests */,
				4BB7974D18F4903400E5421B /* Frameworks */,
				4BB7974C18F4903400E5421B /* Products */,
			);
			sourceTree = "<group>";
		};
		4BB7974C18F4903400E5421B /* Products */ = {
			isa = PBXGroup;
			children = (
				4BB7974B18F4903400E5421B /* NSDate-Helpers.app */,
				4BB7976618F4903400E5421B /* NSDate-HelpersTests.xctest */,
			);
			name = Products;
			sourceTree = "<group>";
		};
		4BB7974D18F4903400E5421B /* Frameworks */ = {
			isa = PBXGroup;
			children = (
				4BB7974E18F4903400E5421B /* Foundation.framework */,
				4BB7975018F4903400E5421B /* CoreGraphics.framework */,
				4BB7975218F4903400E5421B /* UIKit.framework */,
				4BB7976718F4903400E5421B /* XCTest.framework */,
			);
			name = Frameworks;
			sourceTree = "<group>";
		};
		4BB7975418F4903400E5421B /* NSDate+HelpersUsing */ = {
			isa = PBXGroup;
			children = (
				4BB7977D18F4914B00E5421B /* Application */,
				4BB7978318F4914B00E5421B /* Controllers */,
				4BB7978718F4914B00E5421B /* Resources */,
			);
			name = "NSDate+HelpersUsing";
			path = "NSDate-Helpers";
			sourceTree = "<group>";
		};
		4BB7976D18F4903400E5421B /* NSDate+HelpersTests */ = {
			isa = PBXGroup;
			children = (
				4BB7977318F4903400E5421B /* NSDate_HelpersTests.m */,
				4BB7976E18F4903400E5421B /* Supporting Files */,
			);
			name = "NSDate+HelpersTests";
			path = "NSDate-HelpersTests";
			sourceTree = "<group>";
		};
		4BB7976E18F4903400E5421B /* Supporting Files */ = {
			isa = PBXGroup;
			children = (
				4BB7976F18F4903400E5421B /* NSDate-HelpersTests-Info.plist */,
				4BB7977018F4903400E5421B /* InfoPlist.strings */,
			);
			name = "Supporting Files";
			sourceTree = "<group>";
		};
		4BB7977D18F4914B00E5421B /* Application */ = {
			isa = PBXGroup;
			children = (
				4BB7977E18F4914B00E5421B /* AppDelegate.h */,
				4BB7977F18F4914B00E5421B /* AppDelegate.m */,
				4BB7978018F4914B00E5421B /* main.m */,
				4BB7978118F4914B00E5421B /* NSDate-Helpers-Info.plist */,
				4BB7978218F4914B00E5421B /* NSDate-Helpers-Prefix.pch */,
			);
			path = Application;
			sourceTree = "<group>";
		};
		4BB7978318F4914B00E5421B /* Controllers */ = {
			isa = PBXGroup;
			children = (
				4BB797A118F4936100E5421B /* NSDateHelpersUsingViewController.h */,
				4BB797A218F4936100E5421B /* NSDateHelpersUsingViewController.m */,
			);
			path = Controllers;
			sourceTree = "<group>";
		};
		4BB7978718F4914B00E5421B /* Resources */ = {
			isa = PBXGroup;
			children = (
				4BB7978818F4914B00E5421B /* Assets */,
				4BB7979018F4914B00E5421B /* Localizations */,
			);
			path = Resources;
			sourceTree = "<group>";
		};
		4BB7978818F4914B00E5421B /* Assets */ = {
			isa = PBXGroup;
			children = (
				4BB7978918F4914B00E5421B /* Images */,
			);
			path = Assets;
			sourceTree = "<group>";
		};
		4BB7978918F4914B00E5421B /* Images */ = {
			isa = PBXGroup;
			children = (
				4BB7978A18F4914B00E5421B /* Default */,
			);
			path = Images;
			sourceTree = "<group>";
		};
		4BB7978A18F4914B00E5421B /* Default */ = {
			isa = PBXGroup;
			children = (
				4BB7978B18F4914B00E5421B /* Images.xcassets */,
			);
			path = Default;
			sourceTree = "<group>";
		};
		4BB7979018F4914B00E5421B /* Localizations */ = {
			isa = PBXGroup;
			children = (
				4BB7979118F4914B00E5421B /* InfoPlist.strings */,
			);
			path = Localizations;
			sourceTree = "<group>";
		};
		4BB7979D18F492B500E5421B /* NSDate+Helpers */ = {
			isa = PBXGroup;
			children = (
				4BB7979E18F492B500E5421B /* NSDate+Helpers.h */,
				4BB7979F18F492B500E5421B /* NSDate+Helpers.m */,
			);
			path = "NSDate+Helpers";
			sourceTree = "<group>";
		};
/* End PBXGroup section */

/* Begin PBXNativeTarget section */
		4BB7974A18F4903400E5421B /* NSDate-Helpers */ = {
			isa = PBXNativeTarget;
			buildConfigurationList = 4BB7977718F4903400E5421B /* Build configuration list for PBXNativeTarget "NSDate-Helpers" */;
			buildPhases = (
				4BB7974718F4903400E5421B /* Sources */,
				4BB7974818F4903400E5421B /* Frameworks */,
				4BB7974918F4903400E5421B /* Resources */,
			);
			buildRules = (
			);
			dependencies = (
			);
			name = "NSDate-Helpers";
			productName = "NSDate-Helpers";
			productReference = 4BB7974B18F4903400E5421B /* NSDate-Helpers.app */;
			productType = "com.apple.product-type.application";
		};
		4BB7976518F4903400E5421B /* NSDate-HelpersTests */ = {
			isa = PBXNativeTarget;
			buildConfigurationList = 4BB7977A18F4903400E5421B /* Build configuration list for PBXNativeTarget "NSDate-HelpersTests" */;
			buildPhases = (
				4BB7976218F4903400E5421B /* Sources */,
				4BB7976318F4903400E5421B /* Frameworks */,
				4BB7976418F4903400E5421B /* Resources */,
			);
			buildRules = (
			);
			dependencies = (
				4BB7976C18F4903400E5421B /* PBXTargetDependency */,
			);
			name = "NSDate-HelpersTests";
			productName = "NSDate-HelpersTests";
			productReference = 4BB7976618F4903400E5421B /* NSDate-HelpersTests.xctest */;
			productType = "com.apple.product-type.bundle.unit-test";
		};
/* End PBXNativeTarget section */

/* Begin PBXProject section */
		4BB7974318F4903400E5421B /* Project object */ = {
			isa = PBXProject;
			attributes = {
				LastUpgradeCheck = 0510;
				ORGANIZATIONNAME = "Bogdan Stasjuk";
				TargetAttributes = {
					4BB7974A18F4903400E5421B = {
						DevelopmentTeam = 8F6JY4MWEV;
					};
					4BB7976518F4903400E5421B = {
						TestTargetID = 4BB7974A18F4903400E5421B;
					};
				};
			};
			buildConfigurationList = 4BB7974618F4903400E5421B /* Build configuration list for PBXProject "NSDate-Helpers" */;
			compatibilityVersion = "Xcode 3.2";
			developmentRegion = English;
			hasScannedForEncodings = 0;
			knownRegions = (
				en,
			);
			mainGroup = 4BB7974218F4903400E5421B;
			productRefGroup = 4BB7974C18F4903400E5421B /* Products */;
			projectDirPath = "";
			projectRoot = "";
			targets = (
				4BB7974A18F4903400E5421B /* NSDate-Helpers */,
				4BB7976518F4903400E5421B /* NSDate-HelpersTests */,
			);
		};
/* End PBXProject section */

/* Begin PBXResourcesBuildPhase section */
		4BB7974918F4903400E5421B /* Resources */ = {
			isa = PBXResourcesBuildPhase;
			buildActionMask = 2147483647;
			files = (
				4BB7979B18F4914B00E5421B /* Images.xcassets in Resources */,
				4BB7979C18F4914B00E5421B /* InfoPlist.strings in Resources */,
			);
			runOnlyForDeploymentPostprocessing = 0;
		};
		4BB7976418F4903400E5421B /* Resources */ = {
			isa = PBXResourcesBuildPhase;
			buildActionMask = 2147483647;
			files = (
				4BB7977218F4903400E5421B /* InfoPlist.strings in Resources */,
			);
			runOnlyForDeploymentPostprocessing = 0;
		};
/* End PBXResourcesBuildPhase section */

/* Begin PBXSourcesBuildPhase section */
		4BB7974718F4903400E5421B /* Sources */ = {
			isa = PBXSourcesBuildPhase;
			buildActionMask = 2147483647;
			files = (
				4BB797A318F4936100E5421B /* NSDateHelpersUsingViewController.m in Sources */,
				4BB7979918F4914B00E5421B /* main.m in Sources */,
				4BB797A018F492B500E5421B /* NSDate+Helpers.m in Sources */,
				4BB7979818F4914B00E5421B /* AppDelegate.m in Sources */,
			);
			runOnlyForDeploymentPostprocessing = 0;
		};
		4BB7976218F4903400E5421B /* Sources */ = {
			isa = PBXSourcesBuildPhase;
			buildActionMask = 2147483647;
			files = (
				4BB7977418F4903400E5421B /* NSDate_HelpersTests.m in Sources */,
			);
			runOnlyForDeploymentPostprocessing = 0;
		};
/* End PBXSourcesBuildPhase section */

/* Begin PBXTargetDependency section */
		4BB7976C18F4903400E5421B /* PBXTargetDependency */ = {
			isa = PBXTargetDependency;
			target = 4BB7974A18F4903400E5421B /* NSDate-Helpers */;
			targetProxy = 4BB7976B18F4903400E5421B /* PBXContainerItemProxy */;
		};
/* End PBXTargetDependency section */

/* Begin PBXVariantGroup section */
		4BB7977018F4903400E5421B /* InfoPlist.strings */ = {
			isa = PBXVariantGroup;
			children = (
				4BB7977118F4903400E5421B /* en */,
			);
			name = InfoPlist.strings;
			sourceTree = "<group>";
		};
		4BB7979118F4914B00E5421B /* InfoPlist.strings */ = {
			isa = PBXVariantGroup;
			children = (
				4BB7979218F4914B00E5421B /* en */,
			);
			name = InfoPlist.strings;
			sourceTree = "<group>";
		};
/* End PBXVariantGroup section */

/* Begin XCBuildConfiguration section */
		4BB7977518F4903400E5421B /* Debug */ = {
			isa = XCBuildConfiguration;
			buildSettings = {
				ALWAYS_SEARCH_USER_PATHS = NO;
				CLANG_CXX_LANGUAGE_STANDARD = "gnu++0x";
				CLANG_CXX_LIBRARY = "libc++";
				CLANG_ENABLE_MODULES = YES;
				CLANG_ENABLE_OBJC_ARC = YES;
				CLANG_WARN_BOOL_CONVERSION = YES;
				CLANG_WARN_CONSTANT_CONVERSION = YES;
				CLANG_WARN_DIRECT_OBJC_ISA_USAGE = YES_ERROR;
				CLANG_WARN_EMPTY_BODY = YES;
				CLANG_WARN_ENUM_CONVERSION = YES;
				CLANG_WARN_INT_CONVERSION = YES;
				CLANG_WARN_OBJC_ROOT_CLASS = YES_ERROR;
				CLANG_WARN__DUPLICATE_METHOD_MATCH = YES;
				"CODE_SIGN_IDENTITY[sdk=iphoneos*]" = "iPhone Developer";
				COPY_PHASE_STRIP = NO;
				GCC_C_LANGUAGE_STANDARD = gnu99;
				GCC_DYNAMIC_NO_PIC = NO;
				GCC_OPTIMIZATION_LEVEL = 0;
				GCC_PREPROCESSOR_DEFINITIONS = (
					"DEBUG=1",
					"$(inherited)",
				);
				GCC_SYMBOLS_PRIVATE_EXTERN = NO;
				GCC_WARN_64_TO_32_BIT_CONVERSION = YES;
				GCC_WARN_ABOUT_RETURN_TYPE = YES_ERROR;
				GCC_WARN_UNDECLARED_SELECTOR = YES;
				GCC_WARN_UNINITIALIZED_AUTOS = YES_AGGRESSIVE;
				GCC_WARN_UNUSED_FUNCTION = YES;
				GCC_WARN_UNUSED_VARIABLE = YES;
				IPHONEOS_DEPLOYMENT_TARGET = 6.0;
				ONLY_ACTIVE_ARCH = YES;
				SDKROOT = iphoneos;
			};
			name = Debug;
		};
		4BB7977618F4903400E5421B /* Release */ = {
			isa = XCBuildConfiguration;
			buildSettings = {
				ALWAYS_SEARCH_USER_PATHS = NO;
				CLANG_CXX_LANGUAGE_STANDARD = "gnu++0x";
				CLANG_CXX_LIBRARY = "libc++";
				CLANG_ENABLE_MODULES = YES;
				CLANG_ENABLE_OBJC_ARC = YES;
				CLANG_WARN_BOOL_CONVERSION = YES;
				CLANG_WARN_CONSTANT_CONVERSION = YES;
				CLANG_WARN_DIRECT_OBJC_ISA_USAGE = YES_ERROR;
				CLANG_WARN_EMPTY_BODY = YES;
				CLANG_WARN_ENUM_CONVERSION = YES;
				CLANG_WARN_INT_CONVERSION = YES;
				CLANG_WARN_OBJC_ROOT_CLASS = YES_ERROR;
				CLANG_WARN__DUPLICATE_METHOD_MATCH = YES;
				"CODE_SIGN_IDENTITY[sdk=iphoneos*]" = "iPhone Developer";
				COPY_PHASE_STRIP = YES;
				ENABLE_NS_ASSERTIONS = NO;
				GCC_C_LANGUAGE_STANDARD = gnu99;
				GCC_WARN_64_TO_32_BIT_CONVERSION = YES;
				GCC_WARN_ABOUT_RETURN_TYPE = YES_ERROR;
				GCC_WARN_UNDECLARED_SELECTOR = YES;
				GCC_WARN_UNINITIALIZED_AUTOS = YES_AGGRESSIVE;
				GCC_WARN_UNUSED_FUNCTION = YES;
				GCC_WARN_UNUSED_VARIABLE = YES;
				IPHONEOS_DEPLOYMENT_TARGET = 6.0;
				SDKROOT = iphoneos;
				VALIDATE_PRODUCT = YES;
			};
			name = Release;
		};
		4BB7977818F4903400E5421B /* Debug */ = {
			isa = XCBuildConfiguration;
			buildSettings = {
				ASSETCATALOG_COMPILER_APPICON_NAME = AppIcon;
				ASSETCATALOG_COMPILER_LAUNCHIMAGE_NAME = LaunchImage;
				GCC_PRECOMPILE_PREFIX_HEADER = YES;
				GCC_PREFIX_HEADER = "NSDate-Helpers/Application/NSDate-Helpers-Prefix.pch";
				"GCC_PREPROCESSOR_DEFINITIONS[arch=*]" = (
					"DEBUG=1",
					"DEBUG_NSDATE=1",
					"$(inherited)",
				);
				INFOPLIST_FILE = "$(SRCROOT)/NSDate-Helpers/Application/NSDate-Helpers-Info.plist";
				IPHONEOS_DEPLOYMENT_TARGET = 6.0;
				PRODUCT_NAME = "$(TARGET_NAME)";
				PROVISIONING_PROFILE = "";
				TARGETED_DEVICE_FAMILY = "1,2";
				WRAPPER_EXTENSION = app;
			};
			name = Debug;
		};
		4BB7977918F4903400E5421B /* Release */ = {
			isa = XCBuildConfiguration;
			buildSettings = {
				ASSETCATALOG_COMPILER_APPICON_NAME = AppIcon;
				ASSETCATALOG_COMPILER_LAUNCHIMAGE_NAME = LaunchImage;
				GCC_PRECOMPILE_PREFIX_HEADER = YES;
				GCC_PREFIX_HEADER = "NSDate-Helpers/Application/NSDate-Helpers-Prefix.pch";
				INFOPLIST_FILE = "$(SRCROOT)/NSDate-Helpers/Application/NSDate-Helpers-Info.plist";
				IPHONEOS_DEPLOYMENT_TARGET = 6.0;
				PRODUCT_NAME = "$(TARGET_NAME)";
				PROVISIONING_PROFILE = "";
				TARGETED_DEVICE_FAMILY = "1,2";
				WRAPPER_EXTENSION = app;
			};
			name = Release;
		};
		4BB7977B18F4903400E5421B /* Debug */ = {
			isa = XCBuildConfiguration;
			buildSettings = {
				BUNDLE_LOADER = "$(BUILT_PRODUCTS_DIR)/NSDate-Helpers.app/NSDate-Helpers";
				FRAMEWORK_SEARCH_PATHS = (
					"$(SDKROOT)/Developer/Library/Frameworks",
					"$(inherited)",
					"$(DEVELOPER_FRAMEWORKS_DIR)",
				);
				GCC_PRECOMPILE_PREFIX_HEADER = YES;
				GCC_PREFIX_HEADER = "NSDate-Helpers/NSDate-Helpers-Prefix.pch";
				GCC_PREPROCESSOR_DEFINITIONS = (
					"DEBUG=1",
					"$(inherited)",
				);
				INFOPLIST_FILE = "NSDate-HelpersTests/NSDate-HelpersTests-Info.plist";
				PRODUCT_NAME = "$(TARGET_NAME)";
				TEST_HOST = "$(BUNDLE_LOADER)";
				WRAPPER_EXTENSION = xctest;
			};
			name = Debug;
		};
		4BB7977C18F4903400E5421B /* Release */ = {
			isa = XCBuildConfiguration;
			buildSettings = {
				BUNDLE_LOADER = "$(BUILT_PRODUCTS_DIR)/NSDate-Helpers.app/NSDate-Helpers";
				FRAMEWORK_SEARCH_PATHS = (
					"$(SDKROOT)/Developer/Library/Frameworks",
					"$(inherited)",
					"$(DEVELOPER_FRAMEWORKS_DIR)",
				);
				GCC_PRECOMPILE_PREFIX_HEADER = YES;
				GCC_PREFIX_HEADER = "NSDate-Helpers/NSDate-Helpers-Prefix.pch";
				INFOPLIST_FILE = "NSDate-HelpersTests/NSDate-HelpersTests-Info.plist";
				PRODUCT_NAME = "$(TARGET_NAME)";
				TEST_HOST = "$(BUNDLE_LOADER)";
				WRAPPER_EXTENSION = xctest;
			};
			name = Release;
		};
/* End XCBuildConfiguration section */

/* Begin XCConfigurationList section */
		4BB7974618F4903400E5421B /* Build configuration list for PBXProject "NSDate-Helpers" */ = {
			isa = XCConfigurationList;
			buildConfigurations = (
				4BB7977518F4903400E5421B /* Debug */,
				4BB7977618F4903400E5421B /* Release */,
			);
			defaultConfigurationIsVisible = 0;
			defaultConfigurationName = Release;
		};
		4BB7977718F4903400E5421B /* Build configuration list for PBXNativeTarget "NSDate-Helpers" */ = {
			isa = XCConfigurationList;
			buildConfigurations = (
				4BB7977818F4903400E5421B /* Debug */,
				4BB7977918F4903400E5421B /* Release */,
			);
			defaultConfigurationIsVisible = 0;
			defaultConfigurationName = Release;
		};
		4BB7977A18F4903400E5421B /* Build configuration list for PBXNativeTarget "NSDate-HelpersTests" */ = {
			isa = XCConfigurationList;
			buildConfigurations = (
				4BB7977B18F4903400E5421B /* Debug */,
				4BB7977C18F4903400E5421B /* Release */,
			);
			defaultConfigurationIsVisible = 0;
			defaultConfigurationName = Release;
		};
/* End XCConfigurationList section */
	};
	rootObject = 4BB7974318F4903400E5421B /* Project object */;
}
